
Microsoft Visual Studio Solution File, Format Version 12.00
# Visual Studio 15
Project("{FAE04EC0-301F-11D3-BF4B-00C04F79EFBC}") = "Assembly-CSharp", "Assembly-CSharp.csproj", "{3D0280D4-FA83-6033-C7A2-EED924C7308C}"
EndProject
Project("{FAE04EC0-301F-11D3-BF4B-00C04F79EFBC}") = "Assembly-CSharp-Editor", "Assembly-CSharp-Editor.csproj", "{462FA8A9-1109-5401-C4FB-6EE290C22187}"
EndProject
Global
	GlobalSection(SolutionConfigurationPlatforms) = preSolution
		Debug|Any CPU = Debug|Any CPU
		Release|Any CPU = Release|Any CPU
	EndGlobalSection
	GlobalSection(ProjectConfigurationPlatforms) = postSolution
		{3D0280D4-FA83-6033-C7A2-EED924C7308C}.Debug|Any CPU.ActiveCfg = Debug|Any CPU
		{3D0280D4-FA83-6033-C7A2-EED924C7308C}.Debug|Any CPU.Build.0 = Debug|Any CPU
		{3D0280D4-FA83-6033-C7A2-EED924C7308C}.Release|Any CPU.ActiveCfg = Release|Any CPU
		{3D0280D4-FA83-6033-C7A2-EED924C7308C}.Release|Any CPU.Build.0 = Release|Any CPU
		{462FA8A9-1109-5401-C4FB-6EE290C22187}.Debug|Any CPU.ActiveCfg = Debug|Any CPU
		{462FA8A9-1109-5401-C4FB-6EE290C22187}.Debug|Any CPU.Build.0 = Debug|Any CPU
		{462FA8A9-1109-5401-C4FB-6EE290C22187}.Release|Any CPU.ActiveCfg = Release|Any CPU
		{462FA8A9-1109-5401-C4FB-6EE290C22187}.Release|Any CPU.Build.0 = Release|Any CPU
	EndGlobalSection
	GlobalSection(SolutionProperties) = preSolution
		HideSolutionNode = FALSE
	EndGlobalSection
EndGlobal
